
Microsoft Visual Studio Solution File, Format Version 12.00
# Visual Studio Version 16
VisualStudioVersion = 16.0.29613.14
MinimumVisualStudioVersion = 10.0.40219.1
Project("{FAE04EC0-301F-11D3-BF4B-00C04F79EFBC}") = "200421248A2", "200421248A2.csproj", "{6907B357-4119-47D4-B314-829DAF7AF68A}"
EndProject
Global
	GlobalSection(SolutionConfigurationPlatforms) = preSolution
		Debug|Any CPU = Debug|Any CPU
		Release|Any CPU = Release|Any CPU
	EndGlobalSection
	GlobalSection(ProjectConfigurationPlatforms) = postSolution
		{6907B357-4119-47D4-B314-829DAF7AF68A}.Debug|Any CPU.ActiveCfg = Debug|Any CPU
		{6907B357-4119-47D4-B314-829DAF7AF68A}.Debug|Any CPU.Build.0 = Debug|Any CPU
		{6907B357-4119-47D4-B314-829DAF7AF68A}.Release|Any CPU.ActiveCfg = Release|Any CPU
		{6907B357-4119-47D4-B314-829DAF7AF68A}.Release|Any CPU.Build.0 = Release|Any CPU
	EndGlobalSection
	GlobalSection(SolutionProperties) = preSolution
		HideSolutionNode = FALSE
	EndGlobalSection
	GlobalSection(ExtensibilityGlobals) = postSolution
		SolutionGuid = {B613E8A5-91FD-4F94-B042-39BE94EA1FA4}
	EndGlobalSection
EndGlobal
